// !$*UTF8*$!
{
	archiveVersion = 1;
	classes = {
	};
	objectVersion = 50;
	objects = {

/* Begin PBXBuildFile section */
		25B006372612129700E17748 /* ArticleView.swift in Sources */ = {isa = PBXBuildFile; fileRef = 25B006362612129700E17748 /* ArticleView.swift */; };
		25B0E57826132FEB006DBE5E /* ArticleViewModel.swift in Sources */ = {isa = PBXBuildFile; fileRef = 25B0E57726132FEB006DBE5E /* ArticleViewModel.swift */; };
		25B0E57C2613524D006DBE5E /* ImageLoader.swift in Sources */ = {isa = PBXBuildFile; fileRef = 25B0E57B2613524D006DBE5E /* ImageLoader.swift */; };
		25B0E57F261352B4006DBE5E /* ImageView.swift in Sources */ = {isa = PBXBuildFile; fileRef = 25B0E57E261352B4006DBE5E /* ImageView.swift */; };
		25B0E5832614CAA0006DBE5E /* FeedEntry.swift in Sources */ = {isa = PBXBuildFile; fileRef = 25B0E5822614CAA0006DBE5E /* FeedEntry.swift */; };
		25BABE6726288A6400D967F4 /* SelectFeed.swift in Sources */ = {isa = PBXBuildFile; fileRef = 25BABE6626288A6400D967F4 /* SelectFeed.swift */; };
		25BABE6A26288B8E00D967F4 /* FeedList.swift in Sources */ = {isa = PBXBuildFile; fileRef = 25BABE6926288B8E00D967F4 /* FeedList.swift */; };
		25BABE6D26288D0100D967F4 /* SelectFeedViewModel.swift in Sources */ = {isa = PBXBuildFile; fileRef = 25BABE6C26288D0100D967F4 /* SelectFeedViewModel.swift */; };
		25C4945B260E1E2A00FD2758 /* FeedReaderApp.swift in Sources */ = {isa = PBXBuildFile; fileRef = 25C4945A260E1E2A00FD2758 /* FeedReaderApp.swift */; };
		25C4945D260E1E2A00FD2758 /* FeedView.swift in Sources */ = {isa = PBXBuildFile; fileRef = 25C4945C260E1E2A00FD2758 /* FeedView.swift */; };
		25C4945F260E1E2C00FD2758 /* Assets.xcassets in Resources */ = {isa = PBXBuildFile; fileRef = 25C4945E260E1E2C00FD2758 /* Assets.xcassets */; };
		25C49462260E1E2C00FD2758 /* Preview Assets.xcassets in Resources */ = {isa = PBXBuildFile; fileRef = 25C49461260E1E2C00FD2758 /* Preview Assets.xcassets */; };
		25C4946B260E233900FD2758 /* XMLHelper.swift in Sources */ = {isa = PBXBuildFile; fileRef = 25C4946A260E233900FD2758 /* XMLHelper.swift */; };
		25C4946E260E238500FD2758 /* test.xml in Resources */ = {isa = PBXBuildFile; fileRef = 25C4946D260E238500FD2758 /* test.xml */; };
		25C49471260E2C2700FD2758 /* FeedViewModel.swift in Sources */ = {isa = PBXBuildFile; fileRef = 25C49470260E2C2700FD2758 /* FeedViewModel.swift */; };
		25C49474260E2D1500FD2758 /* Feed.swift in Sources */ = {isa = PBXBuildFile; fileRef = 25C49473260E2D1500FD2758 /* Feed.swift */; };
		25C49478260E309E00FD2758 /* FeedEntryView.swift in Sources */ = {isa = PBXBuildFile; fileRef = 25C49477260E309E00FD2758 /* FeedEntryView.swift */; };
		25C4947F260E495300FD2758 /* FeedTopicHelper.swift in Sources */ = {isa = PBXBuildFile; fileRef = 25C4947E260E495300FD2758 /* FeedTopicHelper.swift */; };
		25C4948D260E4DA300FD2758 /* AppleTopics.mlmodel in Sources */ = {isa = PBXBuildFile; fileRef = 25C4948C260E4DA300FD2758 /* AppleTopics.mlmodel */; };
		25C9BD9A262B499D007C8D8B /* FeedListEntry.swift in Sources */ = {isa = PBXBuildFile; fileRef = 25C9BD99262B499D007C8D8B /* FeedListEntry.swift */; };
		25CAAB5C261C53B5009FB26D /* RESTClient.swift in Sources */ = {isa = PBXBuildFile; fileRef = 25CAAB5B261C53B5009FB26D /* RESTClient.swift */; };
		25CAAB6A261DBAFE009FB26D /* AppleTopicsTC.mlmodel in Sources */ = {isa = PBXBuildFile; fileRef = 25CAAB69261DBAFE009FB26D /* AppleTopicsTC.mlmodel */; };
/* End PBXBuildFile section */

/* Begin PBXFileReference section */
		25B006362612129700E17748 /* ArticleView.swift */ = {isa = PBXFileReference; lastKnownFileType = sourcecode.swift; path = ArticleView.swift; sourceTree = "<group>"; };
		25B0E57726132FEB006DBE5E /* ArticleViewModel.swift */ = {isa = PBXFileReference; lastKnownFileType = sourcecode.swift; path = ArticleViewModel.swift; sourceTree = "<group>"; };
		25B0E57B2613524D006DBE5E /* ImageLoader.swift */ = {isa = PBXFileReference; lastKnownFileType = sourcecode.swift; path = ImageLoader.swift; sourceTree = "<group>"; };
		25B0E57E261352B4006DBE5E /* ImageView.swift */ = {isa = PBXFileReference; lastKnownFileType = sourcecode.swift; path = ImageView.swift; sourceTree = "<group>"; };
		25B0E5822614CAA0006DBE5E /* FeedEntry.swift */ = {isa = PBXFileReference; lastKnownFileType = sourcecode.swift; path = FeedEntry.swift; sourceTree = "<group>"; };
		25BABE6626288A6400D967F4 /* SelectFeed.swift */ = {isa = PBXFileReference; lastKnownFileType = sourcecode.swift; path = SelectFeed.swift; sourceTree = "<group>"; };
		25BABE6926288B8E00D967F4 /* FeedList.swift */ = {isa = PBXFileReference; lastKnownFileType = sourcecode.swift; path = FeedList.swift; sourceTree = "<group>"; };
		25BABE6C26288D0100D967F4 /* SelectFeedViewModel.swift */ = {isa = PBXFileReference; lastKnownFileType = sourcecode.swift; path = SelectFeedViewModel.swift; sourceTree = "<group>"; };
		25C49457260E1E2A00FD2758 /* FeedReader.app */ = {isa = PBXFileReference; explicitFileType = wrapper.application; includeInIndex = 0; path = FeedReader.app; sourceTree = BUILT_PRODUCTS_DIR; };
		25C4945A260E1E2A00FD2758 /* FeedReaderApp.swift */ = {isa = PBXFileReference; lastKnownFileType = sourcecode.swift; path = FeedReaderApp.swift; sourceTree = "<group>"; };
		25C4945C260E1E2A00FD2758 /* FeedView.swift */ = {isa = PBXFileReference; lastKnownFileType = sourcecode.swift; path = FeedView.swift; sourceTree = "<group>"; };
		25C4945E260E1E2C00FD2758 /* Assets.xcassets */ = {isa = PBXFileReference; lastKnownFileType = folder.assetcatalog; path = Assets.xcassets; sourceTree = "<group>"; };
		25C49461260E1E2C00FD2758 /* Preview Assets.xcassets */ = {isa = PBXFileReference; lastKnownFileType = folder.assetcatalog; path = "Preview Assets.xcassets"; sourceTree = "<group>"; };
		25C49463260E1E2C00FD2758 /* Info.plist */ = {isa = PBXFileReference; lastKnownFileType = text.plist.xml; path = Info.plist; sourceTree = "<group>"; };
		25C4946A260E233900FD2758 /* XMLHelper.swift */ = {isa = PBXFileReference; lastKnownFileType = sourcecode.swift; path = XMLHelper.swift; sourceTree = "<group>"; };
		25C4946D260E238500FD2758 /* test.xml */ = {isa = PBXFileReference; fileEncoding = 4; lastKnownFileType = text.xml; path = test.xml; sourceTree = "<group>"; };
		25C49470260E2C2700FD2758 /* FeedViewModel.swift */ = {isa = PBXFileReference; lastKnownFileType = sourcecode.swift; path = FeedViewModel.swift; sourceTree = "<group>"; };
		25C49473260E2D1500FD2758 /* Feed.swift */ = {isa = PBXFileReference; lastKnownFileType = sourcecode.swift; path = Feed.swift; sourceTree = "<group>"; };
		25C49477260E309E00FD2758 /* FeedEntryView.swift */ = {isa = PBXFileReference; lastKnownFileType = sourcecode.swift; path = FeedEntryView.swift; sourceTree = "<group>"; };
		25C4947E260E495300FD2758 /* FeedTopicHelper.swift */ = {isa = PBXFileReference; lastKnownFileType = sourcecode.swift; path = FeedTopicHelper.swift; sourceTree = "<group>"; };
		25C4948C260E4DA300FD2758 /* AppleTopics.mlmodel */ = {isa = PBXFileReference; lastKnownFileType = file.mlmodel; path = AppleTopics.mlmodel; sourceTree = "<group>"; };
		25C9BD99262B499D007C8D8B /* FeedListEntry.swift */ = {isa = PBXFileReference; lastKnownFileType = sourcecode.swift; path = FeedListEntry.swift; sourceTree = "<group>"; };
		25CAAB5B261C53B5009FB26D /* RESTClient.swift */ = {isa = PBXFileReference; lastKnownFileType = sourcecode.swift; path = RESTClient.swift; sourceTree = "<group>"; };
		25CAAB69261DBAFE009FB26D /* AppleTopicsTC.mlmodel */ = {isa = PBXFileReference; lastKnownFileType = file.mlmodel; name = AppleTopicsTC.mlmodel; path = TrainingData/AppleTopicsTC.mlmodel; sourceTree = "<group>"; };
/* End PBXFileReference section */

/* Begin PBXFrameworksBuildPhase section */
		25C49454260E1E2A00FD2758 /* Frameworks */ = {
			isa = PBXFrameworksBuildPhase;
			buildActionMask = 2147483647;
			files = (
			);
			runOnlyForDeploymentPostprocessing = 0;
		};
/* End PBXFrameworksBuildPhase section */

/* Begin PBXGroup section */
		25C4944E260E1E2A00FD2758 = {
			isa = PBXGroup;
			children = (
				25C4948C260E4DA300FD2758 /* AppleTopics.mlmodel */,
				25CAAB69261DBAFE009FB26D /* AppleTopicsTC.mlmodel */,
				25C4946D260E238500FD2758 /* test.xml */,
				25C49459260E1E2A00FD2758 /* FeedReader */,
				25C49458260E1E2A00FD2758 /* Products */,
			);
			sourceTree = "<group>";
		};
		25C49458260E1E2A00FD2758 /* Products */ = {
			isa = PBXGroup;
			children = (
				25C49457260E1E2A00FD2758 /* FeedReader.app */,
			);
			name = Products;
			sourceTree = "<group>";
		};
		25C49459260E1E2A00FD2758 /* FeedReader */ = {
			isa = PBXGroup;
			children = (
				25C49488260E4C9A00FD2758 /* Helpers */,
				25C49486260E4C8D00FD2758 /* Model */,
				25C4947B260E30AA00FD2758 /* Views */,
				25C4945A260E1E2A00FD2758 /* FeedReaderApp.swift */,
				25C4945E260E1E2C00FD2758 /* Assets.xcassets */,
				25C49463260E1E2C00FD2758 /* Info.plist */,
				25C49460260E1E2C00FD2758 /* Preview Content */,
			);
			path = FeedReader;
			sourceTree = "<group>";
		};
		25C49460260E1E2C00FD2758 /* Preview Content */ = {
			isa = PBXGroup;
			children = (
				25C49461260E1E2C00FD2758 /* Preview Assets.xcassets */,
			);
			path = "Preview Content";
			sourceTree = "<group>";
		};
		25C4947B260E30AA00FD2758 /* Views */ = {
			isa = PBXGroup;
			children = (
				25B006362612129700E17748 /* ArticleView.swift */,
				25C49477260E309E00FD2758 /* FeedEntryView.swift */,
				25C4945C260E1E2A00FD2758 /* FeedView.swift */,
				25B0E57E261352B4006DBE5E /* ImageView.swift */,
				25BABE6626288A6400D967F4 /* SelectFeed.swift */,
			);
			path = Views;
			sourceTree = "<group>";
		};
		25C49486260E4C8D00FD2758 /* Model */ = {
			isa = PBXGroup;
			children = (
				25B0E57726132FEB006DBE5E /* ArticleViewModel.swift */,
				25C49473260E2D1500FD2758 /* Feed.swift */,
				25B0E5822614CAA0006DBE5E /* FeedEntry.swift */,
				25C49470260E2C2700FD2758 /* FeedViewModel.swift */,
				25BABE6926288B8E00D967F4 /* FeedList.swift */,
				25C9BD99262B499D007C8D8B /* FeedListEntry.swift */,
				25BABE6C26288D0100D967F4 /* SelectFeedViewModel.swift */,
			);
			path = Model;
			sourceTree = "<group>";
		};
		25C49488260E4C9A00FD2758 /* Helpers */ = {
			isa = PBXGroup;
			children = (
				25C4947E260E495300FD2758 /* FeedTopicHelper.swift */,
				25B0E57B2613524D006DBE5E /* ImageLoader.swift */,
				25CAAB5B261C53B5009FB26D /* RESTClient.swift */,
				25C4946A260E233900FD2758 /* XMLHelper.swift */,
			);
			path = Helpers;
			sourceTree = "<group>";
		};
/* End PBXGroup section */

/* Begin PBXNativeTarget section */
		25C49456260E1E2A00FD2758 /* FeedReader */ = {
			isa = PBXNativeTarget;
			buildConfigurationList = 25C49466260E1E2C00FD2758 /* Build configuration list for PBXNativeTarget "FeedReader" */;
			buildPhases = (
				25C49453260E1E2A00FD2758 /* Sources */,
				25C49454260E1E2A00FD2758 /* Frameworks */,
				25C49455260E1E2A00FD2758 /* Resources */,
			);
			buildRules = (
			);
			dependencies = (
			);
			name = FeedReader;
			productName = FeedReader;
			productReference = 25C49457260E1E2A00FD2758 /* FeedReader.app */;
			productType = "com.apple.product-type.application";
		};
/* End PBXNativeTarget section */

/* Begin PBXProject section */
		25C4944F260E1E2A00FD2758 /* Project object */ = {
			isa = PBXProject;
			attributes = {
				LastSwiftUpdateCheck = 1240;
				LastUpgradeCheck = 1240;
				TargetAttributes = {
					25C49456260E1E2A00FD2758 = {
						CreatedOnToolsVersion = 12.4;
					};
				};
			};
			buildConfigurationList = 25C49452260E1E2A00FD2758 /* Build configuration list for PBXProject "FeedReader" */;
			compatibilityVersion = "Xcode 9.3";
			developmentRegion = en;
			hasScannedForEncodings = 0;
			knownRegions = (
				en,
				Base,
			);
			mainGroup = 25C4944E260E1E2A00FD2758;
			productRefGroup = 25C49458260E1E2A00FD2758 /* Products */;
			projectDirPath = "";
			projectRoot = "";
			targets = (
				25C49456260E1E2A00FD2758 /* FeedReader */,
			);
		};
/* End PBXProject section */

/* Begin PBXResourcesBuildPhase section */
		25C49455260E1E2A00FD2758 /* Resources */ = {
			isa = PBXResourcesBuildPhase;
			buildActionMask = 2147483647;
			files = (
				25C4946E260E238500FD2758 /* test.xml in Resources */,
				25C49462260E1E2C00FD2758 /* Preview Assets.xcassets in Resources */,
				25C4945F260E1E2C00FD2758 /* Assets.xcassets in Resources */,
			);
			runOnlyForDeploymentPostprocessing = 0;
		};
/* End PBXResourcesBuildPhase section */

/* Begin PBXSourcesBuildPhase section */
		25C49453260E1E2A00FD2758 /* Sources */ = {
			isa = PBXSourcesBuildPhase;
			buildActionMask = 2147483647;
			files = (
				25CAAB6A261DBAFE009FB26D /* AppleTopicsTC.mlmodel in Sources */,
				25CAAB5C261C53B5009FB26D /* RESTClient.swift in Sources */,
				25B0E57F261352B4006DBE5E /* ImageView.swift in Sources */,
				25C4945D260E1E2A00FD2758 /* FeedView.swift in Sources */,
				25C49478260E309E00FD2758 /* FeedEntryView.swift in Sources */,
				25C49474260E2D1500FD2758 /* Feed.swift in Sources */,
				25B0E57826132FEB006DBE5E /* ArticleViewModel.swift in Sources */,
				25C4946B260E233900FD2758 /* XMLHelper.swift in Sources */,
				25B0E57C2613524D006DBE5E /* ImageLoader.swift in Sources */,
				25C49471260E2C2700FD2758 /* FeedViewModel.swift in Sources */,
				25C4947F260E495300FD2758 /* FeedTopicHelper.swift in Sources */,
				25C4945B260E1E2A00FD2758 /* FeedReaderApp.swift in Sources */,
				25BABE6D26288D0100D967F4 /* SelectFeedViewModel.swift in Sources */,
				25B0E5832614CAA0006DBE5E /* FeedEntry.swift in Sources */,
				25B006372612129700E17748 /* ArticleView.swift in Sources */,
				25C4948D260E4DA300FD2758 /* AppleTopics.mlmodel in Sources */,
				25C9BD9A262B499D007C8D8B /* FeedListEntry.swift in Sources */,
				25BABE6726288A6400D967F4 /* SelectFeed.swift in Sources */,
				25BABE6A26288B8E00D967F4 /* FeedList.swift in Sources */,
			);
			runOnlyForDeploymentPostprocessing = 0;
		};
/* End PBXSourcesBuildPhase section */

/* Begin XCBuildConfiguration section */
		25C49464260E1E2C00FD2758 /* Debug */ = {
			isa = XCBuildConfiguration;
			buildSettings = {
				ALWAYS_SEARCH_USER_PATHS = NO;
				CLANG_ANALYZER_NONNULL = YES;
				CLANG_ANALYZER_NUMBER_OBJECT_CONVERSION = YES_AGGRESSIVE;
				CLANG_CXX_LANGUAGE_STANDARD = "gnu++14";
				CLANG_CXX_LIBRARY = "libc++";
				CLANG_ENABLE_MODULES = YES;
				CLANG_ENABLE_OBJC_ARC = YES;
				CLANG_ENABLE_OBJC_WEAK = YES;
				CLANG_WARN_BLOCK_CAPTURE_AUTORELEASING = YES;
				CLANG_WARN_BOOL_CONVERSION = YES;
				CLANG_WARN_COMMA = YES;
				CLANG_WARN_CONSTANT_CONVERSION = YES;
				CLANG_WARN_DEPRECATED_OBJC_IMPLEMENTATIONS = YES;
				CLANG_WARN_DIRECT_OBJC_ISA_USAGE = YES_ERROR;
				CLANG_WARN_DOCUMENTATION_COMMENTS = YES;
				CLANG_WARN_EMPTY_BODY = YES;
				CLANG_WARN_ENUM_CONVERSION = YES;
				CLANG_WARN_INFINITE_RECURSION = YES;
				CLANG_WARN_INT_CONVERSION = YES;
				CLANG_WARN_NON_LITERAL_NULL_CONVERSION = YES;
				CLANG_WARN_OBJC_IMPLICIT_RETAIN_SELF = YES;
				CLANG_WARN_OBJC_LITERAL_CONVERSION = YES;
				CLANG_WARN_OBJC_ROOT_CLASS = YES_ERROR;
				CLANG_WARN_QUOTED_INCLUDE_IN_FRAMEWORK_HEADER = YES;
				CLANG_WARN_RANGE_LOOP_ANALYSIS = YES;
				CLANG_WARN_STRICT_PROTOTYPES = YES;
				CLANG_WARN_SUSPICIOUS_MOVE = YES;
				CLANG_WARN_UNGUARDED_AVAILABILITY = YES_AGGRESSIVE;
				CLANG_WARN_UNREACHABLE_CODE = YES;
				CLANG_WARN__DUPLICATE_METHOD_MATCH = YES;
				COPY_PHASE_STRIP = NO;
				DEBUG_INFORMATION_FORMAT = dwarf;
				ENABLE_STRICT_OBJC_MSGSEND = YES;
				ENABLE_TESTABILITY = YES;
				GCC_C_LANGUAGE_STANDARD = gnu11;
				GCC_DYNAMIC_NO_PIC = NO;
				GCC_NO_COMMON_BLOCKS = YES;
				GCC_OPTIMIZATION_LEVEL = 0;
				GCC_PREPROCESSOR_DEFINITIONS = (
					"DEBUG=1",
					"$(inherited)",
				);
				GCC_WARN_64_TO_32_BIT_CONVERSION = YES;
				GCC_WARN_ABOUT_RETURN_TYPE = YES_ERROR;
				GCC_WARN_UNDECLARED_SELECTOR = YES;
				GCC_WARN_UNINITIALIZED_AUTOS = YES_AGGRESSIVE;
				GCC_WARN_UNUSED_FUNCTION = YES;
				GCC_WARN_UNUSED_VARIABLE = YES;
				IPHONEOS_DEPLOYMENT_TARGET = 14.4;
				MTL_ENABLE_DEBUG_INFO = INCLUDE_SOURCE;
				MTL_FAST_MATH = YES;
				ONLY_ACTIVE_ARCH = YES;
				SDKROOT = iphoneos;
				SWIFT_ACTIVE_COMPILATION_CONDITIONS = DEBUG;
				SWIFT_OPTIMIZATION_LEVEL = "-Onone";
			};
			name = Debug;
		};
		25C49465260E1E2C00FD2758 /* Release */ = {
			isa = XCBuildConfiguration;
			buildSettings = {
				ALWAYS_SEARCH_USER_PATHS = NO;
				CLANG_ANALYZER_NONNULL = YES;
				CLANG_ANALYZER_NUMBER_OBJECT_CONVERSION = YES_AGGRESSIVE;
				CLANG_CXX_LANGUAGE_STANDARD = "gnu++14";
				CLANG_CXX_LIBRARY = "libc++";
				CLANG_ENABLE_MODULES = YES;
				CLANG_ENABLE_OBJC_ARC = YES;
				CLANG_ENABLE_OBJC_WEAK = YES;
				CLANG_WARN_BLOCK_CAPTURE_AUTORELEASING = YES;
				CLANG_WARN_BOOL_CONVERSION = YES;
				CLANG_WARN_COMMA = YES;
				CLANG_WARN_CONSTANT_CONVERSION = YES;
				CLANG_WARN_DEPRECATED_OBJC_IMPLEMENTATIONS = YES;
				CLANG_WARN_DIRECT_OBJC_ISA_USAGE = YES_ERROR;
				CLANG_WARN_DOCUMENTATION_COMMENTS = YES;
				CLANG_WARN_EMPTY_BODY = YES;
				CLANG_WARN_ENUM_CONVERSION = YES;
				CLANG_WARN_INFINITE_RECURSION = YES;
				CLANG_WARN_INT_CONVERSION = YES;
				CLANG_WARN_NON_LITERAL_NULL_CONVERSION = YES;
				CLANG_WARN_OBJC_IMPLICIT_RETAIN_SELF = YES;
				CLANG_WARN_OBJC_LITERAL_CONVERSION = YES;
				CLANG_WARN_OBJC_ROOT_CLASS = YES_ERROR;
				CLANG_WARN_QUOTED_INCLUDE_IN_FRAMEWORK_HEADER = YES;
				CLANG_WARN_RANGE_LOOP_ANALYSIS = YES;
				CLANG_WARN_STRICT_PROTOTYPES = YES;
				CLANG_WARN_SUSPICIOUS_MOVE = YES;
				CLANG_WARN_UNGUARDED_AVAILABILITY = YES_AGGRESSIVE;
				CLANG_WARN_UNREACHABLE_CODE = YES;
				CLANG_WARN__DUPLICATE_METHOD_MATCH = YES;
				COPY_PHASE_STRIP = NO;
				DEBUG_INFORMATION_FORMAT = "dwarf-with-dsym";
				ENABLE_NS_ASSERTIONS = NO;
				ENABLE_STRICT_OBJC_MSGSEND = YES;
				GCC_C_LANGUAGE_STANDARD = gnu11;
				GCC_NO_COMMON_BLOCKS = YES;
				GCC_WARN_64_TO_32_BIT_CONVERSION = YES;
				GCC_WARN_ABOUT_RETURN_TYPE = YES_ERROR;
				GCC_WARN_UNDECLARED_SELECTOR = YES;
				GCC_WARN_UNINITIALIZED_AUTOS = YES_AGGRESSIVE;
				GCC_WARN_UNUSED_FUNCTION = YES;
				GCC_WARN_UNUSED_VARIABLE = YES;
				IPHONEOS_DEPLOYMENT_TARGET = 14.4;
				MTL_ENABLE_DEBUG_INFO = NO;
				MTL_FAST_MATH = YES;
				SDKROOT = iphoneos;
				SWIFT_COMPILATION_MODE = wholemodule;
				SWIFT_OPTIMIZATION_LEVEL = "-O";
				VALIDATE_PRODUCT = YES;
			};
			name = Release;
		};
		25C49467260E1E2C00FD2758 /* Debug */ = {
			isa = XCBuildConfiguration;
			buildSettings = {
				ASSETCATALOG_COMPILER_APPICON_NAME = AppIcon;
				ASSETCATALOG_COMPILER_GLOBAL_ACCENT_COLOR_NAME = AccentColor;
				CODE_SIGN_STYLE = Automatic;
				DEVELOPMENT_ASSET_PATHS = "\"FeedReader/Preview Content\"";
				ENABLE_PREVIEWS = YES;
				INFOPLIST_FILE = FeedReader/Info.plist;
				IPHONEOS_DEPLOYMENT_TARGET = 14.1;
				LD_RUNPATH_SEARCH_PATHS = (
					"$(inherited)",
					"@executable_path/Frameworks",
				);
				PRODUCT_BUNDLE_IDENTIFIER = com.gfrigerio.FeedReader;
				PRODUCT_NAME = "$(TARGET_NAME)";
				SWIFT_VERSION = 5.0;
				TARGETED_DEVICE_FAMILY = "1,2";
			};
			name = Debug;
		};
		25C49468260E1E2C00FD2758 /* Release */ = {
			isa = XCBuildConfiguration;
			buildSettings = {
				ASSETCATALOG_COMPILER_APPICON_NAME = AppIcon;
				ASSETCATALOG_COMPILER_GLOBAL_ACCENT_COLOR_NAME = AccentColor;
				CODE_SIGN_STYLE = Automatic;
				DEVELOPMENT_ASSET_PATHS = "\"FeedReader/Preview Content\"";
				ENABLE_PREVIEWS = YES;
				INFOPLIST_FILE = FeedReader/Info.plist;
				IPHONEOS_DEPLOYMENT_TARGET = 14.1;
				LD_RUNPATH_SEARCH_PATHS = (
					"$(inherited)",
					"@executable_path/Frameworks",
				);
				PRODUCT_BUNDLE_IDENTIFIER = com.gfrigerio.FeedReader;
				PRODUCT_NAME = "$(TARGET_NAME)";
				SWIFT_VERSION = 5.0;
				TARGETED_DEVICE_FAMILY = "1,2";
			};
			name = Release;
		};
/* End XCBuildConfiguration section */

/* Begin XCConfigurationList section */
		25C49452260E1E2A00FD2758 /* Build configuration list for PBXProject "FeedReader" */ = {
			isa = XCConfigurationList;
			buildConfigurations = (
				25C49464260E1E2C00FD2758 /* Debug */,
				25C49465260E1E2C00FD2758 /* Release */,
			);
			defaultConfigurationIsVisible = 0;
			defaultConfigurationName = Release;
		};
		25C49466260E1E2C00FD2758 /* Build configuration list for PBXNativeTarget "FeedReader" */ = {
			isa = XCConfigurationList;
			buildConfigurations = (
				25C49467260E1E2C00FD2758 /* Debug */,
				25C49468260E1E2C00FD2758 /* Release */,
			);
			defaultConfigurationIsVisible = 0;
			defaultConfigurationName = Release;
		};
/* End XCConfigurationList section */
	};
	rootObject = 25C4944F260E1E2A00FD2758 /* Project object */;
}
